
Microsoft Visual Studio Solution File, Format Version 12.00
# Visual Studio Version 16
VisualStudioVersion = 16.0.33423.256
MinimumVisualStudioVersion = 10.0.40219.1
Project("{FAE04EC0-301F-11D3-BF4B-00C04F79EFBC}") = "JaggedArray", "JaggedArray\JaggedArray.csproj", "{03DD8EFD-05E8-4C98-B937-3DF85C891F71}"
EndProject
Global
	GlobalSection(SolutionConfigurationPlatforms) = preSolution
		Debug|Any CPU = Debug|Any CPU
		Release|Any CPU = Release|Any CPU
	EndGlobalSection
	GlobalSection(ProjectConfigurationPlatforms) = postSolution
		{03DD8EFD-05E8-4C98-B937-3DF85C891F71}.Debug|Any CPU.ActiveCfg = Debug|Any CPU
		{03DD8EFD-05E8-4C98-B937-3DF85C891F71}.Debug|Any CPU.Build.0 = Debug|Any CPU
		{03DD8EFD-05E8-4C98-B937-3DF85C891F71}.Release|Any CPU.ActiveCfg = Release|Any CPU
		{03DD8EFD-05E8-4C98-B937-3DF85C891F71}.Release|Any CPU.Build.0 = Release|Any CPU
	EndGlobalSection
	GlobalSection(SolutionProperties) = preSolution
		HideSolutionNode = FALSE
	EndGlobalSection
	GlobalSection(ExtensibilityGlobals) = postSolution
		SolutionGuid = {8FA777D2-4B36-4154-9521-60F53F4F7162}
	EndGlobalSection
EndGlobal
