
Microsoft Visual Studio Solution File, Format Version 12.00
# Visual Studio Version 16
VisualStudioVersion = 16.0.33423.256
MinimumVisualStudioVersion = 10.0.40219.1
Project("{FAE04EC0-301F-11D3-BF4B-00C04F79EFBC}") = "DelegateCode", "DelegateCode\DelegateCode.csproj", "{B88BF1EB-99DB-4F6C-B633-65FC770D8D25}"
EndProject
Global
	GlobalSection(SolutionConfigurationPlatforms) = preSolution
		Debug|Any CPU = Debug|Any CPU
		Release|Any CPU = Release|Any CPU
	EndGlobalSection
	GlobalSection(ProjectConfigurationPlatforms) = postSolution
		{B88BF1EB-99DB-4F6C-B633-65FC770D8D25}.Debug|Any CPU.ActiveCfg = Debug|Any CPU
		{B88BF1EB-99DB-4F6C-B633-65FC770D8D25}.Debug|Any CPU.Build.0 = Debug|Any CPU
		{B88BF1EB-99DB-4F6C-B633-65FC770D8D25}.Release|Any CPU.ActiveCfg = Release|Any CPU
		{B88BF1EB-99DB-4F6C-B633-65FC770D8D25}.Release|Any CPU.Build.0 = Release|Any CPU
	EndGlobalSection
	GlobalSection(SolutionProperties) = preSolution
		HideSolutionNode = FALSE
	EndGlobalSection
	GlobalSection(ExtensibilityGlobals) = postSolution
		SolutionGuid = {4A310CE3-26AB-43FF-A8B7-648D1B16F631}
	EndGlobalSection
EndGlobal
