
Microsoft Visual Studio Solution File, Format Version 12.00
# Visual Studio Version 16
VisualStudioVersion = 16.0.33423.256
MinimumVisualStudioVersion = 10.0.40219.1
Project("{FAE04EC0-301F-11D3-BF4B-00C04F79EFBC}") = "OverLoadingCode", "OverLoadingCode\OverLoadingCode.csproj", "{C1270F0C-4300-43BA-90BF-2624E676C4FA}"
EndProject
Global
	GlobalSection(SolutionConfigurationPlatforms) = preSolution
		Debug|Any CPU = Debug|Any CPU
		Release|Any CPU = Release|Any CPU
	EndGlobalSection
	GlobalSection(ProjectConfigurationPlatforms) = postSolution
		{C1270F0C-4300-43BA-90BF-2624E676C4FA}.Debug|Any CPU.ActiveCfg = Debug|Any CPU
		{C1270F0C-4300-43BA-90BF-2624E676C4FA}.Debug|Any CPU.Build.0 = Debug|Any CPU
		{C1270F0C-4300-43BA-90BF-2624E676C4FA}.Release|Any CPU.ActiveCfg = Release|Any CPU
		{C1270F0C-4300-43BA-90BF-2624E676C4FA}.Release|Any CPU.Build.0 = Release|Any CPU
	EndGlobalSection
	GlobalSection(SolutionProperties) = preSolution
		HideSolutionNode = FALSE
	EndGlobalSection
	GlobalSection(ExtensibilityGlobals) = postSolution
		SolutionGuid = {096BBA51-66E6-455B-832E-6392C91A45F3}
	EndGlobalSection
EndGlobal
